
Microsoft Visual Studio Solution File, Format Version 12.00
# Visual Studio Version 17
VisualStudioVersion = 17.2.32526.322
MinimumVisualStudioVersion = 10.0.40219.1
Project("{9A19103F-16F7-4668-BE54-9A1E7A4F7556}") = "IMS.UseCases", "IMS.UseCases\IMS.UseCases.csproj", "{D911F85A-267C-4806-B257-967525EE685C}"
EndProject
Project("{9A19103F-16F7-4668-BE54-9A1E7A4F7556}") = "IMS.CoreBusiness", "IMS.CoreBusiness\IMS.CoreBusiness.csproj", "{984C8881-1480-4039-BB9C-4FF587A5134D}"
EndProject
Project("{9A19103F-16F7-4668-BE54-9A1E7A4F7556}") = "IMS.Plugins.EFCore", "IMS.Plugins.EFCore\IMS.Plugins.EFCore.csproj", "{ECAC8629-BA1B-42A3-90C6-0AA2368580E9}"
EndProject
Project("{9A19103F-16F7-4668-BE54-9A1E7A4F7556}") = "InventoryManagementSystem2", "InventoryManagementSystem\InventoryManagementSystem2.csproj", "{48380AA5-2260-4E33-ABD9-2AD6E4D4512E}"
EndProject
Global
	GlobalSection(SolutionConfigurationPlatforms) = preSolution
		Debug|Any CPU = Debug|Any CPU
		Release|Any CPU = Release|Any CPU
	EndGlobalSection
	GlobalSection(ProjectConfigurationPlatforms) = postSolution
		{D911F85A-267C-4806-B257-967525EE685C}.Debug|Any CPU.ActiveCfg = Debug|Any CPU
		{D911F85A-267C-4806-B257-967525EE685C}.Debug|Any CPU.Build.0 = Debug|Any CPU
		{D911F85A-267C-4806-B257-967525EE685C}.Release|Any CPU.ActiveCfg = Release|Any CPU
		{D911F85A-267C-4806-B257-967525EE685C}.Release|Any CPU.Build.0 = Release|Any CPU
		{984C8881-1480-4039-BB9C-4FF587A5134D}.Debug|Any CPU.ActiveCfg = Debug|Any CPU
		{984C8881-1480-4039-BB9C-4FF587A5134D}.Debug|Any CPU.Build.0 = Debug|Any CPU
		{984C8881-1480-4039-BB9C-4FF587A5134D}.Release|Any CPU.ActiveCfg = Release|Any CPU
		{984C8881-1480-4039-BB9C-4FF587A5134D}.Release|Any CPU.Build.0 = Release|Any CPU
		{ECAC8629-BA1B-42A3-90C6-0AA2368580E9}.Debug|Any CPU.ActiveCfg = Debug|Any CPU
		{ECAC8629-BA1B-42A3-90C6-0AA2368580E9}.Debug|Any CPU.Build.0 = Debug|Any CPU
		{ECAC8629-BA1B-42A3-90C6-0AA2368580E9}.Release|Any CPU.ActiveCfg = Release|Any CPU
		{ECAC8629-BA1B-42A3-90C6-0AA2368580E9}.Release|Any CPU.Build.0 = Release|Any CPU
		{48380AA5-2260-4E33-ABD9-2AD6E4D4512E}.Debug|Any CPU.ActiveCfg = Debug|Any CPU
		{48380AA5-2260-4E33-ABD9-2AD6E4D4512E}.Debug|Any CPU.Build.0 = Debug|Any CPU
		{48380AA5-2260-4E33-ABD9-2AD6E4D4512E}.Release|Any CPU.ActiveCfg = Release|Any CPU
		{48380AA5-2260-4E33-ABD9-2AD6E4D4512E}.Release|Any CPU.Build.0 = Release|Any CPU
	EndGlobalSection
	GlobalSection(SolutionProperties) = preSolution
		HideSolutionNode = FALSE
	EndGlobalSection
	GlobalSection(ExtensibilityGlobals) = postSolution
		SolutionGuid = {EF5E2A82-0F84-46DD-A173-32FE9879CCAC}
	EndGlobalSection
EndGlobal
